
Microsoft Visual Studio Solution File, Format Version 12.00
# Visual Studio Version 16
VisualStudioVersion = 16.0.34407.143
MinimumVisualStudioVersion = 10.0.40219.1
Project("{FAE04EC0-301F-11D3-BF4B-00C04F79EFBC}") = "ATC", "ATC\ATC.csproj", "{108C9039-A0B2-42B7-AABA-35FC2187CD2C}"
EndProject
Global
	GlobalSection(SolutionConfigurationPlatforms) = preSolution
		Debug|Any CPU = Debug|Any CPU
		Release|Any CPU = Release|Any CPU
	EndGlobalSection
	GlobalSection(ProjectConfigurationPlatforms) = postSolution
		{108C9039-A0B2-42B7-AABA-35FC2187CD2C}.Debug|Any CPU.ActiveCfg = Debug|Any CPU
		{108C9039-A0B2-42B7-AABA-35FC2187CD2C}.Debug|Any CPU.Build.0 = Debug|Any CPU
		{108C9039-A0B2-42B7-AABA-35FC2187CD2C}.Release|Any CPU.ActiveCfg = Release|Any CPU
		{108C9039-A0B2-42B7-AABA-35FC2187CD2C}.Release|Any CPU.Build.0 = Release|Any CPU
	EndGlobalSection
	GlobalSection(SolutionProperties) = preSolution
		HideSolutionNode = FALSE
	EndGlobalSection
	GlobalSection(ExtensibilityGlobals) = postSolution
		SolutionGuid = {4404E892-3F09-450E-A0A5-0F3103A52839}
	EndGlobalSection
EndGlobal
